
Microsoft Visual Studio Solution File, Format Version 12.00
# Visual Studio Version 17
VisualStudioVersion = 17.13.35825.156 d17.13
MinimumVisualStudioVersion = 10.0.40219.1
Project("{FAE04EC0-301F-11D3-BF4B-00C04F79EFBC}") = "GrpcGreeter", "GrpcGreeter.csproj", "{2EE86366-67A4-47DA-8350-12272D00660D}"
EndProject
Project("{FAE04EC0-301F-11D3-BF4B-00C04F79EFBC}") = "GrpcGreeterClient", "..\GrpcGreeterClient\GrpcGreeterClient.csproj", "{EDE4E701-7020-439D-BE46-807CAD25C7CD}"
EndProject
Global
	GlobalSection(SolutionConfigurationPlatforms) = preSolution
		Debug|Any CPU = Debug|Any CPU
		Release|Any CPU = Release|Any CPU
	EndGlobalSection
	GlobalSection(ProjectConfigurationPlatforms) = postSolution
		{2EE86366-67A4-47DA-8350-12272D00660D}.Debug|Any CPU.ActiveCfg = Debug|Any CPU
		{2EE86366-67A4-47DA-8350-12272D00660D}.Debug|Any CPU.Build.0 = Debug|Any CPU
		{2EE86366-67A4-47DA-8350-12272D00660D}.Release|Any CPU.ActiveCfg = Release|Any CPU
		{2EE86366-67A4-47DA-8350-12272D00660D}.Release|Any CPU.Build.0 = Release|Any CPU
		{EDE4E701-7020-439D-BE46-807CAD25C7CD}.Debug|Any CPU.ActiveCfg = Debug|Any CPU
		{EDE4E701-7020-439D-BE46-807CAD25C7CD}.Debug|Any CPU.Build.0 = Debug|Any CPU
		{EDE4E701-7020-439D-BE46-807CAD25C7CD}.Release|Any CPU.ActiveCfg = Release|Any CPU
		{EDE4E701-7020-439D-BE46-807CAD25C7CD}.Release|Any CPU.Build.0 = Release|Any CPU
	EndGlobalSection
	GlobalSection(SolutionProperties) = preSolution
		HideSolutionNode = FALSE
	EndGlobalSection
	GlobalSection(ExtensibilityGlobals) = postSolution
		SolutionGuid = {DAB46A88-3D52-48F8-85DC-F1C6FFA82242}
	EndGlobalSection
EndGlobal
